// !$*UTF8*$!
{
	archiveVersion = 1;
	classes = {
	};
	objectVersion = 46;
	objects = {

/* Begin PBXBuildFile section */
		5D56A5381B6ADE000051F04C /* main.m in Sources */ = {isa = PBXBuildFile; fileRef = 5D56A5371B6ADE000051F04C /* main.m */; };
		5D56A5401B6AE11D0051F04C /* BNRLogger.m in Sources */ = {isa = PBXBuildFile; fileRef = 5D56A53F1B6AE11D0051F04C /* BNRLogger.m */; };
		5DEF253C1B8FCA6700447465 /* BNRObserver.m in Sources */ = {isa = PBXBuildFile; fileRef = 5DEF253B1B8FCA6700447465 /* BNRObserver.m */; };
/* End PBXBuildFile section */

/* Begin PBXCopyFilesBuildPhase section */
		5D56A5321B6ADE000051F04C /* CopyFiles */ = {
			isa = PBXCopyFilesBuildPhase;
			buildActionMask = 2147483647;
			dstPath = /usr/share/man/man1/;
			dstSubfolderSpec = 0;
			files = (
			);
			runOnlyForDeploymentPostprocessing = 1;
		};
/* End PBXCopyFilesBuildPhase section */

/* Begin PBXFileReference section */
		5D56A5341B6ADE000051F04C /* Callbacks */ = {isa = PBXFileReference; explicitFileType = "compiled.mach-o.executable"; includeInIndex = 0; path = Callbacks; sourceTree = BUILT_PRODUCTS_DIR; };
		5D56A5371B6ADE000051F04C /* main.m */ = {isa = PBXFileReference; lastKnownFileType = sourcecode.c.objc; path = main.m; sourceTree = "<group>"; };
		5D56A53E1B6AE11D0051F04C /* BNRLogger.h */ = {isa = PBXFileReference; fileEncoding = 4; lastKnownFileType = sourcecode.c.h; path = BNRLogger.h; sourceTree = "<group>"; };
		5D56A53F1B6AE11D0051F04C /* BNRLogger.m */ = {isa = PBXFileReference; fileEncoding = 4; lastKnownFileType = sourcecode.c.objc; path = BNRLogger.m; sourceTree = "<group>"; };
		5DEF253A1B8FCA6700447465 /* BNRObserver.h */ = {isa = PBXFileReference; fileEncoding = 4; lastKnownFileType = sourcecode.c.h; path = BNRObserver.h; sourceTree = "<group>"; };
		5DEF253B1B8FCA6700447465 /* BNRObserver.m */ = {isa = PBXFileReference; fileEncoding = 4; lastKnownFileType = sourcecode.c.objc; path = BNRObserver.m; sourceTree = "<group>"; };
/* End PBXFileReference section */

/* Begin PBXFrameworksBuildPhase section */
		5D56A5311B6ADE000051F04C /* Frameworks */ = {
			isa = PBXFrameworksBuildPhase;
			buildActionMask = 2147483647;
			files = (
			);
			runOnlyForDeploymentPostprocessing = 0;
		};
/* End PBXFrameworksBuildPhase section */

/* Begin PBXGroup section */
		5D56A52B1B6ADE000051F04C = {
			isa = PBXGroup;
			children = (
				5D56A5361B6ADE000051F04C /* Callbacks */,
				5D56A5351B6ADE000051F04C /* Products */,
			);
			sourceTree = "<group>";
		};
		5D56A5351B6ADE000051F04C /* Products */ = {
			isa = PBXGroup;
			children = (
				5D56A5341B6ADE000051F04C /* Callbacks */,
			);
			name = Products;
			sourceTree = "<group>";
		};
		5D56A5361B6ADE000051F04C /* Callbacks */ = {
			isa = PBXGroup;
			children = (
				5D56A5371B6ADE000051F04C /* main.m */,
				5D56A53E1B6AE11D0051F04C /* BNRLogger.h */,
				5D56A53F1B6AE11D0051F04C /* BNRLogger.m */,
				5DEF253A1B8FCA6700447465 /* BNRObserver.h */,
				5DEF253B1B8FCA6700447465 /* BNRObserver.m */,
			);
			path = Callbacks;
			sourceTree = "<group>";
		};
/* End PBXGroup section */

/* Begin PBXNativeTarget section */
		5D56A5331B6ADE000051F04C /* Callbacks */ = {
			isa = PBXNativeTarget;
			buildConfigurationList = 5D56A53B1B6ADE000051F04C /* Build configuration list for PBXNativeTarget "Callbacks" */;
			buildPhases = (
				5D56A5301B6ADE000051F04C /* Sources */,
				5D56A5311B6ADE000051F04C /* Frameworks */,
				5D56A5321B6ADE000051F04C /* CopyFiles */,
			);
			buildRules = (
			);
			dependencies = (
			);
			name = Callbacks;
			productName = Callbacks;
			productReference = 5D56A5341B6ADE000051F04C /* Callbacks */;
			productType = "com.apple.product-type.tool";
		};
/* End PBXNativeTarget section */

/* Begin PBXProject section */
		5D56A52C1B6ADE000051F04C /* Project object */ = {
			isa = PBXProject;
			attributes = {
				LastUpgradeCheck = 0640;
				ORGANIZATIONNAME = "John Leonard";
				TargetAttributes = {
					5D56A5331B6ADE000051F04C = {
						CreatedOnToolsVersion = 6.4;
					};
				};
			};
			buildConfigurationList = 5D56A52F1B6ADE000051F04C /* Build configuration list for PBXProject "Callbacks" */;
			compatibilityVersion = "Xcode 3.2";
			developmentRegion = English;
			hasScannedForEncodings = 0;
			knownRegions = (
				en,
			);
			mainGroup = 5D56A52B1B6ADE000051F04C;
			productRefGroup = 5D56A5351B6ADE000051F04C /* Products */;
			projectDirPath = "";
			projectRoot = "";
			targets = (
				5D56A5331B6ADE000051F04C /* Callbacks */,
			);
		};
/* End PBXProject section */

/* Begin PBXSourcesBuildPhase section */
		5D56A5301B6ADE000051F04C /* Sources */ = {
			isa = PBXSourcesBuildPhase;
			buildActionMask = 2147483647;
			files = (
				5D56A5401B6AE11D0051F04C /* BNRLogger.m in Sources */,
				5DEF253C1B8FCA6700447465 /* BNRObserver.m in Sources */,
				5D56A5381B6ADE000051F04C /* main.m in Sources */,
			);
			runOnlyForDeploymentPostprocessing = 0;
		};
/* End PBXSourcesBuildPhase section */

/* Begin XCBuildConfiguration section */
		5D56A5391B6ADE000051F04C /* Debug */ = {
			isa = XCBuildConfiguration;
			buildSettings = {
				ALWAYS_SEARCH_USER_PATHS = NO;
				CLANG_CXX_LANGUAGE_STANDARD = "gnu++0x";
				CLANG_CXX_LIBRARY = "libc++";
				CLANG_ENABLE_MODULES = YES;
				CLANG_ENABLE_OBJC_ARC = YES;
				CLANG_WARN_BOOL_CONVERSION = YES;
				CLANG_WARN_CONSTANT_CONVERSION = YES;
				CLANG_WARN_DIRECT_OBJC_ISA_USAGE = YES_ERROR;
				CLANG_WARN_EMPTY_BODY = YES;
				CLANG_WARN_ENUM_CONVERSION = YES;
				CLANG_WARN_INT_CONVERSION = YES;
				CLANG_WARN_OBJC_ROOT_CLASS = YES_ERROR;
				CLANG_WARN_UNREACHABLE_CODE = YES;
				CLANG_WARN__DUPLICATE_METHOD_MATCH = YES;
				COPY_PHASE_STRIP = NO;
				DEBUG_INFORMATION_FORMAT = dwarf;
				ENABLE_STRICT_OBJC_MSGSEND = YES;
				GCC_C_LANGUAGE_STANDARD = gnu99;
				GCC_DYNAMIC_NO_PIC = NO;
				GCC_NO_COMMON_BLOCKS = YES;
				GCC_OPTIMIZATION_LEVEL = 0;
				GCC_PREPROCESSOR_DEFINITIONS = (
					"DEBUG=1",
					"$(inherited)",
				);
				GCC_SYMBOLS_PRIVATE_EXTERN = NO;
				GCC_WARN_64_TO_32_BIT_CONVERSION = YES;
				GCC_WARN_ABOUT_RETURN_TYPE = YES_ERROR;
				GCC_WARN_UNDECLARED_SELECTOR = YES;
				GCC_WARN_UNINITIALIZED_AUTOS = YES_AGGRESSIVE;
				GCC_WARN_UNUSED_FUNCTION = YES;
				GCC_WARN_UNUSED_VARIABLE = YES;
				MACOSX_DEPLOYMENT_TARGET = 10.10;
				MTL_ENABLE_DEBUG_INFO = YES;
				ONLY_ACTIVE_ARCH = YES;
				SDKROOT = macosx;
			};
			name = Debug;
		};
		5D56A53A1B6ADE000051F04C /* Release */ = {
			isa = XCBuildConfiguration;
			buildSettings = {
				ALWAYS_SEARCH_USER_PATHS = NO;
				CLANG_CXX_LANGUAGE_STANDARD = "gnu++0x";
				CLANG_CXX_LIBRARY = "libc++";
				CLANG_ENABLE_MODULES = YES;
				CLANG_ENABLE_OBJC_ARC = YES;
				CLANG_WARN_BOOL_CONVERSION = YES;
				CLANG_WARN_CONSTANT_CONVERSION = YES;
				CLANG_WARN_DIRECT_OBJC_ISA_USAGE = YES_ERROR;
				CLANG_WARN_EMPTY_BODY = YES;
				CLANG_WARN_ENUM_CONVERSION = YES;
				CLANG_WARN_INT_CONVERSION = YES;
				CLANG_WARN_OBJC_ROOT_CLASS = YES_ERROR;
				CLANG_WARN_UNREACHABLE_CODE = YES;
				CLANG_WARN__DUPLICATE_METHOD_MATCH = YES;
				COPY_PHASE_STRIP = NO;
				DEBUG_INFORMATION_FORMAT = "dwarf-with-dsym";
				ENABLE_NS_ASSERTIONS = NO;
				ENABLE_STRICT_OBJC_MSGSEND = YES;
				GCC_C_LANGUAGE_STANDARD = gnu99;
				GCC_NO_COMMON_BLOCKS = YES;
				GCC_WARN_64_TO_32_BIT_CONVERSION = YES;
				GCC_WARN_ABOUT_RETURN_TYPE = YES_ERROR;
				GCC_WARN_UNDECLARED_SELECTOR = YES;
				GCC_WARN_UNINITIALIZED_AUTOS = YES_AGGRESSIVE;
				GCC_WARN_UNUSED_FUNCTION = YES;
				GCC_WARN_UNUSED_VARIABLE = YES;
				MACOSX_DEPLOYMENT_TARGET = 10.10;
				MTL_ENABLE_DEBUG_INFO = NO;
				SDKROOT = macosx;
			};
			name = Release;
		};
		5D56A53C1B6ADE000051F04C /* Debug */ = {
			isa = XCBuildConfiguration;
			buildSettings = {
				PRODUCT_NAME = "$(TARGET_NAME)";
			};
			name = Debug;
		};
		5D56A53D1B6ADE000051F04C /* Release */ = {
			isa = XCBuildConfiguration;
			buildSettings = {
				PRODUCT_NAME = "$(TARGET_NAME)";
			};
			name = Release;
		};
/* End XCBuildConfiguration section */

/* Begin XCConfigurationList section */
		5D56A52F1B6ADE000051F04C /* Build configuration list for PBXProject "Callbacks" */ = {
			isa = XCConfigurationList;
			buildConfigurations = (
				5D56A5391B6ADE000051F04C /* Debug */,
				5D56A53A1B6ADE000051F04C /* Release */,
			);
			defaultConfigurationIsVisible = 0;
			defaultConfigurationName = Release;
		};
		5D56A53B1B6ADE000051F04C /* Build configuration list for PBXNativeTarget "Callbacks" */ = {
			isa = XCConfigurationList;
			buildConfigurations = (
				5D56A53C1B6ADE000051F04C /* Debug */,
				5D56A53D1B6ADE000051F04C /* Release */,
			);
			defaultConfigurationIsVisible = 0;
			defaultConfigurationName = Release;
		};
/* End XCConfigurationList section */
	};
	rootObject = 5D56A52C1B6ADE000051F04C /* Project object */;
}
